
Microsoft Visual Studio Solution File, Format Version 12.00
# Visual Studio 14
VisualStudioVersion = 14.0.25420.1
MinimumVisualStudioVersion = 10.0.40219.1
Project("{FAE04EC0-301F-11D3-BF4B-00C04F79EFBC}") = "GoogleResearchWeb2Feed", "GoogleResearchWeb2Feed\GoogleResearchWeb2Feed.csproj", "{2110265E-D0BB-44AD-B0B8-1609734A9AE8}"
EndProject
Project("{FAE04EC0-301F-11D3-BF4B-00C04F79EFBC}") = "HostWeb", "HostWeb\HostWeb.csproj", "{0F6EEAF1-14F4-467A-A469-BA34A64EF456}"
EndProject
Global
	GlobalSection(SolutionConfigurationPlatforms) = preSolution
		Debug|Any CPU = Debug|Any CPU
		Release|Any CPU = Release|Any CPU
	EndGlobalSection
	GlobalSection(ProjectConfigurationPlatforms) = postSolution
		{2110265E-D0BB-44AD-B0B8-1609734A9AE8}.Debug|Any CPU.ActiveCfg = Debug|Any CPU
		{2110265E-D0BB-44AD-B0B8-1609734A9AE8}.Debug|Any CPU.Build.0 = Debug|Any CPU
		{2110265E-D0BB-44AD-B0B8-1609734A9AE8}.Release|Any CPU.ActiveCfg = Release|Any CPU
		{2110265E-D0BB-44AD-B0B8-1609734A9AE8}.Release|Any CPU.Build.0 = Release|Any CPU
		{0F6EEAF1-14F4-467A-A469-BA34A64EF456}.Debug|Any CPU.ActiveCfg = Debug|Any CPU
		{0F6EEAF1-14F4-467A-A469-BA34A64EF456}.Debug|Any CPU.Build.0 = Debug|Any CPU
		{0F6EEAF1-14F4-467A-A469-BA34A64EF456}.Release|Any CPU.ActiveCfg = Release|Any CPU
		{0F6EEAF1-14F4-467A-A469-BA34A64EF456}.Release|Any CPU.Build.0 = Release|Any CPU
	EndGlobalSection
	GlobalSection(SolutionProperties) = preSolution
		HideSolutionNode = FALSE
	EndGlobalSection
EndGlobal
